
Microsoft Visual Studio Solution File, Format Version 12.00
# Visual Studio Version 17
VisualStudioVersion = 17.6.33815.320
MinimumVisualStudioVersion = 10.0.40219.1
Project("{FAE04EC0-301F-11D3-BF4B-00C04F79EFBC}") = "BT_T2", "BT_T2\BT_T2.csproj", "{52A9D382-9BEF-4F05-9C3C-CA3700CC7F16}"
EndProject
Global
	GlobalSection(SolutionConfigurationPlatforms) = preSolution
		Debug|Any CPU = Debug|Any CPU
		Release|Any CPU = Release|Any CPU
	EndGlobalSection
	GlobalSection(ProjectConfigurationPlatforms) = postSolution
		{52A9D382-9BEF-4F05-9C3C-CA3700CC7F16}.Debug|Any CPU.ActiveCfg = Debug|Any CPU
		{52A9D382-9BEF-4F05-9C3C-CA3700CC7F16}.Debug|Any CPU.Build.0 = Debug|Any CPU
		{52A9D382-9BEF-4F05-9C3C-CA3700CC7F16}.Release|Any CPU.ActiveCfg = Release|Any CPU
		{52A9D382-9BEF-4F05-9C3C-CA3700CC7F16}.Release|Any CPU.Build.0 = Release|Any CPU
	EndGlobalSection
	GlobalSection(SolutionProperties) = preSolution
		HideSolutionNode = FALSE
	EndGlobalSection
	GlobalSection(ExtensibilityGlobals) = postSolution
		SolutionGuid = {E9306B36-621B-40CE-910C-6EB6DD0EAA54}
	EndGlobalSection
EndGlobal
